// !$*UTF8*$!
{
	archiveVersion = 1;
	classes = {
	};
	objectVersion = 77;
	objects = {

/* Begin PBXBuildFile section */
		03015C9939EAAEA454A17C63 /* AppCore in Frameworks */ = {isa = PBXBuildFile; productRef = 49A38D276C70CB617ECD07C5 /* AppCore */; };
		04509125F3E415BB649C00DB /* GoogleService-Info.plist in Resources */ = {isa = PBXBuildFile; fileRef = D8082FA48B10881E53F1A32C /* GoogleService-Info.plist */; };
		0A7EB476A4C27377EA6C176D /* LutronConfig.swift in Sources */ = {isa = PBXBuildFile; fileRef = 82D8FFB008FE83152CB4FCD1 /* LutronConfig.swift */; };
		1292A3324FAD670B7D1A87C5 /* MoneyRollup.swift in Sources */ = {isa = PBXBuildFile; fileRef = A258E8EED101D5C5DC9213C4 /* MoneyRollup.swift */; };
		18892CE663728068D7B61BCA /* FirebaseAuth in Frameworks */ = {isa = PBXBuildFile; productRef = 63AD22BB833D6855935C40E4 /* FirebaseAuth */; };
		1E5D6BB849848A59978B4173 /* FamilyRadar.swift in Sources */ = {isa = PBXBuildFile; fileRef = B756050AEC9BD011CFF8E023 /* FamilyRadar.swift */; };
		28859264F47C1B35ACE31F5B /* NotificationPrefs.swift in Sources */ = {isa = PBXBuildFile; fileRef = EB623C56CB5FE288C452027A /* NotificationPrefs.swift */; };
		2C005B58CEC0745584034C16 /* Memory.swift in Sources */ = {isa = PBXBuildFile; fileRef = 6A41C4500EEED76CCCB94F31 /* Memory.swift */; };
		2E47B645BDB7330792826410 /* UserDomain in Frameworks */ = {isa = PBXBuildFile; productRef = 184E235FFA9B598B12C27AEE /* UserDomain */; };
		3190C27AEFA82D6C5D888A69 /* EntityGraph.swift in Sources */ = {isa = PBXBuildFile; fileRef = C6EB724149E8DBBEAA83CA5C /* EntityGraph.swift */; };
		3270FBAD4B1F1CB9E55608AA /* WishlistPriority.swift in Sources */ = {isa = PBXBuildFile; fileRef = D48BCE09A1E02940BDAC566C /* WishlistPriority.swift */; };
		45C8DC48CB9863A7840046FD /* ShareViewController.swift in Sources */ = {isa = PBXBuildFile; fileRef = C38B98F2CC94E1718657C71A /* ShareViewController.swift */; };
		4DFCD75384C1965A78A211F8 /* HomeKitConfig.swift in Sources */ = {isa = PBXBuildFile; fileRef = 71342489DC1663D2E7536E4C /* HomeKitConfig.swift */; };
		50A325F691AF4CCAF39F05F8 /* SpendingInsights.swift in Sources */ = {isa = PBXBuildFile; fileRef = DCC59018088FD16C744DEF48 /* SpendingInsights.swift */; };
		548702A4AE23FB8E40CD4807 /* HomeHealthCalculator.swift in Sources */ = {isa = PBXBuildFile; fileRef = 021B13671F3612A8DDCC1CB0 /* HomeHealthCalculator.swift */; };
		59A989753E33298A5CCAF988 /* Document.swift in Sources */ = {isa = PBXBuildFile; fileRef = 10637CAB4F7D384F2C095E15 /* Document.swift */; };
		5A01EF97446D78C9754F9888 /* SharedCapture in Frameworks */ = {isa = PBXBuildFile; productRef = 95452BC972E2CE4C2EE3AD6B /* SharedCapture */; };
		60A2F888F0B3D7681710F26C /* FamilyList.swift in Sources */ = {isa = PBXBuildFile; fileRef = 5020C88778BC0E0532035851 /* FamilyList.swift */; };
		63FA397AA0AC35766AD48E98 /* HouseholdMember.swift in Sources */ = {isa = PBXBuildFile; fileRef = 4FF2D02E07BEC169ECCAC059 /* HouseholdMember.swift */; };
		648FDE618FE8F611C029E33C /* AuthenticationDomain in Frameworks */ = {isa = PBXBuildFile; productRef = 813A2C97EC3F910E3722B866 /* AuthenticationDomain */; };
		69243244A1DB2E75D387C563 /* CalendarSyncPrefs.swift in Sources */ = {isa = PBXBuildFile; fileRef = 28C45C435BA3CED43344CDCF /* CalendarSyncPrefs.swift */; };
		6C47A7489524BFCE856D2016 /* NestConfig.swift in Sources */ = {isa = PBXBuildFile; fileRef = D088E8D29C70A2AE7708A589 /* NestConfig.swift */; };
		6FC957586F0C336EF46D170D /* HubspaceConfig.swift in Sources */ = {isa = PBXBuildFile; fileRef = 96A60A2186B6011EABC417C3 /* HubspaceConfig.swift */; };
		73A60D73A8F48B3ED3E6367A /* Recipe.swift in Sources */ = {isa = PBXBuildFile; fileRef = 1D9312CCDBB55C7CC370B379 /* Recipe.swift */; };
		741317E5025655B7BAC7C704 /* FamilyChore.swift in Sources */ = {isa = PBXBuildFile; fileRef = C8DC446C29A064C8D1FA088E /* FamilyChore.swift */; };
		77541D4DE642D04BF7C8CFC4 /* BacanTVApp.swift in Sources */ = {isa = PBXBuildFile; fileRef = EE9319E7D05547D92067C9F4 /* BacanTVApp.swift */; };
		78376F327D16848D92A92A5E /* FirebaseCore in Frameworks */ = {isa = PBXBuildFile; productRef = E00A7F55C77E54F7C966E111 /* FirebaseCore */; };
		793C0D4CD2C8D59B3AF2D694 /* BudgetAlert.swift in Sources */ = {isa = PBXBuildFile; fileRef = 94DA664EF76EEF7AF26DDAFB /* BudgetAlert.swift */; };
		7FEF216453F37B2B6733BD35 /* CareCompletion.swift in Sources */ = {isa = PBXBuildFile; fileRef = 451D12A073A1025B027A012A /* CareCompletion.swift */; };
		850949D7257324BE8AC1F868 /* CommandCenterView.swift in Sources */ = {isa = PBXBuildFile; fileRef = 10C75C49A04F868236585DC6 /* CommandCenterView.swift */; };
		8B5983A7C53688C8142D4B90 /* Expense.swift in Sources */ = {isa = PBXBuildFile; fileRef = C558772F68276B6C1023D04D /* Expense.swift */; };
		8EBA5033EF9B3BC1F2AE952C /* SonosConfig.swift in Sources */ = {isa = PBXBuildFile; fileRef = E714E577085262D09AC5902B /* SonosConfig.swift */; };
		8F32233B05205413D8FE7C8C /* FirebaseFirestore in Frameworks */ = {isa = PBXBuildFile; productRef = 2EC83C04476003B3D236444F /* FirebaseFirestore */; };
		948A18AFB934C7562390CE62 /* ScrapbookModel.swift in Sources */ = {isa = PBXBuildFile; fileRef = CE603AB6159CFD1A772999AF /* ScrapbookModel.swift */; };
		A2F561060373BD62A5286909 /* PetCareKB.swift in Sources */ = {isa = PBXBuildFile; fileRef = 57916759B4EA1587C7404406 /* PetCareKB.swift */; };
		A5AD6D47683CD03037F4F5F1 /* PairingModel.swift in Sources */ = {isa = PBXBuildFile; fileRef = 2EF2CFACD02341431996F7D2 /* PairingModel.swift */; };
		AAFC2791683ED6C9039999A7 /* ProjectStatus.swift in Sources */ = {isa = PBXBuildFile; fileRef = 6DE766E6C2FDC7DA1174037C /* ProjectStatus.swift */; };
		AB43B47310ECC1A864FBD3AA /* PushClient in Frameworks */ = {isa = PBXBuildFile; productRef = 531FAB6065D639546B0EAF29 /* PushClient */; };
		B1219F3E745CD74AB628792D /* FirebaseAuth in Frameworks */ = {isa = PBXBuildFile; productRef = D461E863DC40D0B3F29AF895 /* FirebaseAuth */; };
		B183246534F3FEC58B573B07 /* PackingTemplate.swift in Sources */ = {isa = PBXBuildFile; fileRef = FB220CDC37FA24455C19B864 /* PackingTemplate.swift */; };
		B58EB23EE800218F2B85EAC0 /* CareItem.swift in Sources */ = {isa = PBXBuildFile; fileRef = 8ADC640F89A0B5EBE6FF1853 /* CareItem.swift */; };
		B8C06A33F89C25D303527248 /* SlideshowView.swift in Sources */ = {isa = PBXBuildFile; fileRef = 1C48D4656BE53CF3C6515603 /* SlideshowView.swift */; };
		BC99A36FC11ACFA3A8B177E5 /* GroceryCostEstimator.swift in Sources */ = {isa = PBXBuildFile; fileRef = A86F6C5A08C8B2EFB09E51CE /* GroceryCostEstimator.swift */; };
		C5D5705B5376FF0EA096C9BE /* FirebaseStorage in Frameworks */ = {isa = PBXBuildFile; productRef = 3C66ABBE7D2EDE7AD538ACF8 /* FirebaseStorage */; };
		C865BDC48CE60ED95C1F1C5F /* RootView.swift in Sources */ = {isa = PBXBuildFile; fileRef = 41055B2C0C280352A5BA0E26 /* RootView.swift */; };
		CA8A07DBF98E4F679CB92FAB /* MaintenanceKnowledgeBase.swift in Sources */ = {isa = PBXBuildFile; fileRef = 437B8BDC48401261A9D61B3D /* MaintenanceKnowledgeBase.swift */; };
		CA9C8AE4E3E9C87EF9860EFD /* WishlistIdea.swift in Sources */ = {isa = PBXBuildFile; fileRef = C43C2065489A7E12F0415208 /* WishlistIdea.swift */; };
		CE34E1FC087172DAB3ED779E /* GoogleService-Info.plist in Resources */ = {isa = PBXBuildFile; fileRef = F1455CD003CD8F86A3F1F262 /* GoogleService-Info.plist */; };
		D1715E2607AEE92B8AD6A7B0 /* FamilyEvent.swift in Sources */ = {isa = PBXBuildFile; fileRef = D859BE5EA36D530E44BF0553 /* FamilyEvent.swift */; };
		D67202FB4F17D7E20DB4C1D1 /* PackingCategory.swift in Sources */ = {isa = PBXBuildFile; fileRef = C4E649F0A8E24B7C799A68C5 /* PackingCategory.swift */; };
		D6D6DD5375B8F4FDACD72A4B /* HueConfig.swift in Sources */ = {isa = PBXBuildFile; fileRef = 9A62F87CC80BC2F1C200E844 /* HueConfig.swift */; };
		D873F53591BAAA5A1FED7190 /* GroceryItemDB.swift in Sources */ = {isa = PBXBuildFile; fileRef = CD4DDDEEABEB97183E417753 /* GroceryItemDB.swift */; };
		DF1CBB22F62B7DA3FCF9584F /* BacanShareExtension.appex in Embed Foundation Extensions */ = {isa = PBXBuildFile; fileRef = D50642C7F53641938E8AB627 /* BacanShareExtension.appex */; settings = {ATTRIBUTES = (RemoveHeadersOnCopy, ); }; };
		E3099CA9B1854EF675E2B75D /* ChoreCompletion.swift in Sources */ = {isa = PBXBuildFile; fileRef = 8537DCF36010AB795AC5FE3E /* ChoreCompletion.swift */; };
		E62B93DB7041355BD0FDAAD9 /* ActivityItem.swift in Sources */ = {isa = PBXBuildFile; fileRef = 6F5697E62607583A613F5851 /* ActivityItem.swift */; };
		E896483BAB372C92AEF8B271 /* Assets.xcassets in Resources */ = {isa = PBXBuildFile; fileRef = F1F82D1E332018877AB38374 /* Assets.xcassets */; };
		E8A4B02A1B6298CF4C31217D /* PlantCareKB.swift in Sources */ = {isa = PBXBuildFile; fileRef = 08F285A502E1A20235564141 /* PlantCareKB.swift */; };
		E97A93784C11195AE13AF33E /* ChildCareKB.swift in Sources */ = {isa = PBXBuildFile; fileRef = CCD8B40524BF4D7A71F554B4 /* ChildCareKB.swift */; };
		F108F2B5785E59930CA0865B /* MenereApp.swift in Sources */ = {isa = PBXBuildFile; fileRef = 77D20140378BCD548822314C /* MenereApp.swift */; };
		F15A56BF20FCC1F7474AFECF /* HomeProfile.swift in Sources */ = {isa = PBXBuildFile; fileRef = 75206F9032AA7696B7C520C5 /* HomeProfile.swift */; };
		F260CD8984921B13CA46FD89 /* MerossConfig.swift in Sources */ = {isa = PBXBuildFile; fileRef = 7D0FE8EAC1894C0988AA3EB6 /* MerossConfig.swift */; };
		F69538E28A47197EC956E4D2 /* GroceryCategory.swift in Sources */ = {isa = PBXBuildFile; fileRef = 9C3E3163C87BFFE858D25462 /* GroceryCategory.swift */; };
		F74128CD918B55839FF30C50 /* SavingsGoal.swift in Sources */ = {isa = PBXBuildFile; fileRef = 9EB043CC3187116569905E74 /* SavingsGoal.swift */; };
		FC7D726B0021F2A1866D5239 /* SharedCapture in Frameworks */ = {isa = PBXBuildFile; productRef = 4DE11F7984D82B8C559DA374 /* SharedCapture */; };
		FD89FCD802AC010C28418F7C /* MaintenanceTemplate.swift in Sources */ = {isa = PBXBuildFile; fileRef = DBE17F5D73845A434A0C052E /* MaintenanceTemplate.swift */; };
		FFB666084BDCA9574538DD5B /* FirebaseFirestore in Frameworks */ = {isa = PBXBuildFile; productRef = 6DF43BB8D0816ED0184973E9 /* FirebaseFirestore */; };
/* End PBXBuildFile section */

/* Begin PBXContainerItemProxy section */
		44E73A24A7E2EC35D6648FEE /* PBXContainerItemProxy */ = {
			isa = PBXContainerItemProxy;
			containerPortal = 5A5BF4AA6D0FFB2C7299350A /* Project object */;
			proxyType = 1;
			remoteGlobalIDString = 31799D7D27EFA99CFB0CBDF6;
			remoteInfo = BacanShareExtension;
		};
/* End PBXContainerItemProxy section */

/* Begin PBXCopyFilesBuildPhase section */
		0A9091F08756AD7CB496C67E /* Embed Foundation Extensions */ = {
			isa = PBXCopyFilesBuildPhase;
			buildActionMask = 2147483647;
			dstPath = "";
			dstSubfolderSpec = 13;
			files = (
				DF1CBB22F62B7DA3FCF9584F /* BacanShareExtension.appex in Embed Foundation Extensions */,
			);
			name = "Embed Foundation Extensions";
			runOnlyForDeploymentPostprocessing = 0;
		};
/* End PBXCopyFilesBuildPhase section */

/* Begin PBXFileReference section */
		021B13671F3612A8DDCC1CB0 /* HomeHealthCalculator.swift */ = {isa = PBXFileReference; lastKnownFileType = sourcecode.swift; path = HomeHealthCalculator.swift; sourceTree = "<group>"; };
		08F285A502E1A20235564141 /* PlantCareKB.swift */ = {isa = PBXFileReference; lastKnownFileType = sourcecode.swift; path = PlantCareKB.swift; sourceTree = "<group>"; };
		10637CAB4F7D384F2C095E15 /* Document.swift */ = {isa = PBXFileReference; lastKnownFileType = sourcecode.swift; path = Document.swift; sourceTree = "<group>"; };
		10C75C49A04F868236585DC6 /* CommandCenterView.swift */ = {isa = PBXFileReference; lastKnownFileType = sourcecode.swift; path = CommandCenterView.swift; sourceTree = "<group>"; };
		1214F0961F23D14C880CE37E /* Info.plist */ = {isa = PBXFileReference; lastKnownFileType = text.plist; path = Info.plist; sourceTree = "<group>"; };
		1C2F6A8682CB53C5580F79D7 /* Menere.app */ = {isa = PBXFileReference; includeInIndex = 0; lastKnownFileType = wrapper.application; path = Menere.app; sourceTree = BUILT_PRODUCTS_DIR; };
		1C48D4656BE53CF3C6515603 /* SlideshowView.swift */ = {isa = PBXFileReference; lastKnownFileType = sourcecode.swift; path = SlideshowView.swift; sourceTree = "<group>"; };
		1D9312CCDBB55C7CC370B379 /* Recipe.swift */ = {isa = PBXFileReference; lastKnownFileType = sourcecode.swift; path = Recipe.swift; sourceTree = "<group>"; };
		28C45C435BA3CED43344CDCF /* CalendarSyncPrefs.swift */ = {isa = PBXFileReference; lastKnownFileType = sourcecode.swift; path = CalendarSyncPrefs.swift; sourceTree = "<group>"; };
		2EF2CFACD02341431996F7D2 /* PairingModel.swift */ = {isa = PBXFileReference; lastKnownFileType = sourcecode.swift; path = PairingModel.swift; sourceTree = "<group>"; };
		37BB5430C9A38D4A8E9644A6 /* MenerePackage */ = {isa = PBXFileReference; lastKnownFileType = folder; name = MenerePackage; path = MenerePackage; sourceTree = SOURCE_ROOT; };
		41055B2C0C280352A5BA0E26 /* RootView.swift */ = {isa = PBXFileReference; lastKnownFileType = sourcecode.swift; path = RootView.swift; sourceTree = "<group>"; };
		42607674240C3E636E3ED575 /* BacanTV.app */ = {isa = PBXFileReference; includeInIndex = 0; lastKnownFileType = wrapper.application; path = BacanTV.app; sourceTree = BUILT_PRODUCTS_DIR; };
		437B8BDC48401261A9D61B3D /* MaintenanceKnowledgeBase.swift */ = {isa = PBXFileReference; lastKnownFileType = sourcecode.swift; path = MaintenanceKnowledgeBase.swift; sourceTree = "<group>"; };
		451D12A073A1025B027A012A /* CareCompletion.swift */ = {isa = PBXFileReference; lastKnownFileType = sourcecode.swift; path = CareCompletion.swift; sourceTree = "<group>"; };
		47DC4CCC2B381D8114CAA987 /* ShareExtension.entitlements */ = {isa = PBXFileReference; lastKnownFileType = text.plist.entitlements; path = ShareExtension.entitlements; sourceTree = "<group>"; };
		4FF2D02E07BEC169ECCAC059 /* HouseholdMember.swift */ = {isa = PBXFileReference; lastKnownFileType = sourcecode.swift; path = HouseholdMember.swift; sourceTree = "<group>"; };
		5020C88778BC0E0532035851 /* FamilyList.swift */ = {isa = PBXFileReference; lastKnownFileType = sourcecode.swift; path = FamilyList.swift; sourceTree = "<group>"; };
		57916759B4EA1587C7404406 /* PetCareKB.swift */ = {isa = PBXFileReference; lastKnownFileType = sourcecode.swift; path = PetCareKB.swift; sourceTree = "<group>"; };
		6A41C4500EEED76CCCB94F31 /* Memory.swift */ = {isa = PBXFileReference; lastKnownFileType = sourcecode.swift; path = Memory.swift; sourceTree = "<group>"; };
		6DE766E6C2FDC7DA1174037C /* ProjectStatus.swift */ = {isa = PBXFileReference; lastKnownFileType = sourcecode.swift; path = ProjectStatus.swift; sourceTree = "<group>"; };
		6F5697E62607583A613F5851 /* ActivityItem.swift */ = {isa = PBXFileReference; lastKnownFileType = sourcecode.swift; path = ActivityItem.swift; sourceTree = "<group>"; };
		71342489DC1663D2E7536E4C /* HomeKitConfig.swift */ = {isa = PBXFileReference; lastKnownFileType = sourcecode.swift; path = HomeKitConfig.swift; sourceTree = "<group>"; };
		75206F9032AA7696B7C520C5 /* HomeProfile.swift */ = {isa = PBXFileReference; lastKnownFileType = sourcecode.swift; path = HomeProfile.swift; sourceTree = "<group>"; };
		77D20140378BCD548822314C /* MenereApp.swift */ = {isa = PBXFileReference; lastKnownFileType = sourcecode.swift; path = MenereApp.swift; sourceTree = "<group>"; };
		7D0FE8EAC1894C0988AA3EB6 /* MerossConfig.swift */ = {isa = PBXFileReference; lastKnownFileType = sourcecode.swift; path = MerossConfig.swift; sourceTree = "<group>"; };
		82D8FFB008FE83152CB4FCD1 /* LutronConfig.swift */ = {isa = PBXFileReference; lastKnownFileType = sourcecode.swift; path = LutronConfig.swift; sourceTree = "<group>"; };
		8537DCF36010AB795AC5FE3E /* ChoreCompletion.swift */ = {isa = PBXFileReference; lastKnownFileType = sourcecode.swift; path = ChoreCompletion.swift; sourceTree = "<group>"; };
		8ADC640F89A0B5EBE6FF1853 /* CareItem.swift */ = {isa = PBXFileReference; lastKnownFileType = sourcecode.swift; path = CareItem.swift; sourceTree = "<group>"; };
		94DA664EF76EEF7AF26DDAFB /* BudgetAlert.swift */ = {isa = PBXFileReference; lastKnownFileType = sourcecode.swift; path = BudgetAlert.swift; sourceTree = "<group>"; };
		96A60A2186B6011EABC417C3 /* HubspaceConfig.swift */ = {isa = PBXFileReference; lastKnownFileType = sourcecode.swift; path = HubspaceConfig.swift; sourceTree = "<group>"; };
		9A62F87CC80BC2F1C200E844 /* HueConfig.swift */ = {isa = PBXFileReference; lastKnownFileType = sourcecode.swift; path = HueConfig.swift; sourceTree = "<group>"; };
		9C3E3163C87BFFE858D25462 /* GroceryCategory.swift */ = {isa = PBXFileReference; lastKnownFileType = sourcecode.swift; path = GroceryCategory.swift; sourceTree = "<group>"; };
		9EB043CC3187116569905E74 /* SavingsGoal.swift */ = {isa = PBXFileReference; lastKnownFileType = sourcecode.swift; path = SavingsGoal.swift; sourceTree = "<group>"; };
		A258E8EED101D5C5DC9213C4 /* MoneyRollup.swift */ = {isa = PBXFileReference; lastKnownFileType = sourcecode.swift; path = MoneyRollup.swift; sourceTree = "<group>"; };
		A86F6C5A08C8B2EFB09E51CE /* GroceryCostEstimator.swift */ = {isa = PBXFileReference; lastKnownFileType = sourcecode.swift; path = GroceryCostEstimator.swift; sourceTree = "<group>"; };
		AE647A48F30BEEF1FDD3BE02 /* Info.plist */ = {isa = PBXFileReference; lastKnownFileType = text.plist; path = Info.plist; sourceTree = "<group>"; };
		B756050AEC9BD011CFF8E023 /* FamilyRadar.swift */ = {isa = PBXFileReference; lastKnownFileType = sourcecode.swift; path = FamilyRadar.swift; sourceTree = "<group>"; };
		C38B98F2CC94E1718657C71A /* ShareViewController.swift */ = {isa = PBXFileReference; lastKnownFileType = sourcecode.swift; path = ShareViewController.swift; sourceTree = "<group>"; };
		C43C2065489A7E12F0415208 /* WishlistIdea.swift */ = {isa = PBXFileReference; lastKnownFileType = sourcecode.swift; path = WishlistIdea.swift; sourceTree = "<group>"; };
		C4E649F0A8E24B7C799A68C5 /* PackingCategory.swift */ = {isa = PBXFileReference; lastKnownFileType = sourcecode.swift; path = PackingCategory.swift; sourceTree = "<group>"; };
		C558772F68276B6C1023D04D /* Expense.swift */ = {isa = PBXFileReference; lastKnownFileType = sourcecode.swift; path = Expense.swift; sourceTree = "<group>"; };
		C6EB724149E8DBBEAA83CA5C /* EntityGraph.swift */ = {isa = PBXFileReference; lastKnownFileType = sourcecode.swift; path = EntityGraph.swift; sourceTree = "<group>"; };
		C8DC446C29A064C8D1FA088E /* FamilyChore.swift */ = {isa = PBXFileReference; lastKnownFileType = sourcecode.swift; path = FamilyChore.swift; sourceTree = "<group>"; };
		CCD8B40524BF4D7A71F554B4 /* ChildCareKB.swift */ = {isa = PBXFileReference; lastKnownFileType = sourcecode.swift; path = ChildCareKB.swift; sourceTree = "<group>"; };
		CD4DDDEEABEB97183E417753 /* GroceryItemDB.swift */ = {isa = PBXFileReference; lastKnownFileType = sourcecode.swift; path = GroceryItemDB.swift; sourceTree = "<group>"; };
		CE603AB6159CFD1A772999AF /* ScrapbookModel.swift */ = {isa = PBXFileReference; lastKnownFileType = sourcecode.swift; path = ScrapbookModel.swift; sourceTree = "<group>"; };
		D088E8D29C70A2AE7708A589 /* NestConfig.swift */ = {isa = PBXFileReference; lastKnownFileType = sourcecode.swift; path = NestConfig.swift; sourceTree = "<group>"; };
		D48BCE09A1E02940BDAC566C /* WishlistPriority.swift */ = {isa = PBXFileReference; lastKnownFileType = sourcecode.swift; path = WishlistPriority.swift; sourceTree = "<group>"; };
		D50642C7F53641938E8AB627 /* BacanShareExtension.appex */ = {isa = PBXFileReference; includeInIndex = 0; lastKnownFileType = "wrapper.app-extension"; path = BacanShareExtension.appex; sourceTree = BUILT_PRODUCTS_DIR; };
		D8082FA48B10881E53F1A32C /* GoogleService-Info.plist */ = {isa = PBXFileReference; lastKnownFileType = text.plist; path = "GoogleService-Info.plist"; sourceTree = "<group>"; };
		D859BE5EA36D530E44BF0553 /* FamilyEvent.swift */ = {isa = PBXFileReference; lastKnownFileType = sourcecode.swift; path = FamilyEvent.swift; sourceTree = "<group>"; };
		DBE17F5D73845A434A0C052E /* MaintenanceTemplate.swift */ = {isa = PBXFileReference; lastKnownFileType = sourcecode.swift; path = MaintenanceTemplate.swift; sourceTree = "<group>"; };
		DCC59018088FD16C744DEF48 /* SpendingInsights.swift */ = {isa = PBXFileReference; lastKnownFileType = sourcecode.swift; path = SpendingInsights.swift; sourceTree = "<group>"; };
		E4EAEEF3802AFF764408627E /* Info.plist */ = {isa = PBXFileReference; lastKnownFileType = text.plist; path = Info.plist; sourceTree = "<group>"; };
		E714E577085262D09AC5902B /* SonosConfig.swift */ = {isa = PBXFileReference; lastKnownFileType = sourcecode.swift; path = SonosConfig.swift; sourceTree = "<group>"; };
		EB623C56CB5FE288C452027A /* NotificationPrefs.swift */ = {isa = PBXFileReference; lastKnownFileType = sourcecode.swift; path = NotificationPrefs.swift; sourceTree = "<group>"; };
		EE9319E7D05547D92067C9F4 /* BacanTVApp.swift */ = {isa = PBXFileReference; lastKnownFileType = sourcecode.swift; path = BacanTVApp.swift; sourceTree = "<group>"; };
		F1455CD003CD8F86A3F1F262 /* GoogleService-Info.plist */ = {isa = PBXFileReference; lastKnownFileType = text.plist; path = "GoogleService-Info.plist"; sourceTree = "<group>"; };
		F1F82D1E332018877AB38374 /* Assets.xcassets */ = {isa = PBXFileReference; lastKnownFileType = folder.assetcatalog; path = Assets.xcassets; sourceTree = "<group>"; };
		FB220CDC37FA24455C19B864 /* PackingTemplate.swift */ = {isa = PBXFileReference; lastKnownFileType = sourcecode.swift; path = PackingTemplate.swift; sourceTree = "<group>"; };
		FD7FC8E64B883A3E3CE3654C /* Menere.entitlements */ = {isa = PBXFileReference; lastKnownFileType = text.plist.entitlements; path = Menere.entitlements; sourceTree = "<group>"; };
/* End PBXFileReference section */

/* Begin PBXFrameworksBuildPhase section */
		081D96D17BA97EFBCDE33564 /* Frameworks */ = {
			isa = PBXFrameworksBuildPhase;
			buildActionMask = 2147483647;
			files = (
				B1219F3E745CD74AB628792D /* FirebaseAuth in Frameworks */,
				8F32233B05205413D8FE7C8C /* FirebaseFirestore in Frameworks */,
			);
			runOnlyForDeploymentPostprocessing = 0;
		};
		24C94F39CC126F5EE711E361 /* Frameworks */ = {
			isa = PBXFrameworksBuildPhase;
			buildActionMask = 2147483647;
			files = (
				5A01EF97446D78C9754F9888 /* SharedCapture in Frameworks */,
				78376F327D16848D92A92A5E /* FirebaseCore in Frameworks */,
				18892CE663728068D7B61BCA /* FirebaseAuth in Frameworks */,
				FFB666084BDCA9574538DD5B /* FirebaseFirestore in Frameworks */,
				C5D5705B5376FF0EA096C9BE /* FirebaseStorage in Frameworks */,
			);
			runOnlyForDeploymentPostprocessing = 0;
		};
		BD21A8F7F82D0F96B6F60B5B /* Frameworks */ = {
			isa = PBXFrameworksBuildPhase;
			buildActionMask = 2147483647;
			files = (
				03015C9939EAAEA454A17C63 /* AppCore in Frameworks */,
				2E47B645BDB7330792826410 /* UserDomain in Frameworks */,
				648FDE618FE8F611C029E33C /* AuthenticationDomain in Frameworks */,
				AB43B47310ECC1A864FBD3AA /* PushClient in Frameworks */,
				FC7D726B0021F2A1866D5239 /* SharedCapture in Frameworks */,
			);
			runOnlyForDeploymentPostprocessing = 0;
		};
/* End PBXFrameworksBuildPhase section */

/* Begin PBXGroup section */
		377224900771935C1E5BE357 = {
			isa = PBXGroup;
			children = (
				895681AB60E463DC00CFB817 /* App */,
				61E66C21EA97DE23685BFFC2 /* AppTV */,
				6637136731A111C3A471A682 /* FamilyDomain */,
				F31556813E8EAA5131B0E49B /* Packages */,
				9B7358DEAB92487D4700132F /* ShareExtension */,
				DA5411190BF2750293984BE8 /* Products */,
			);
			sourceTree = "<group>";
		};
		61E66C21EA97DE23685BFFC2 /* AppTV */ = {
			isa = PBXGroup;
			children = (
				EE9319E7D05547D92067C9F4 /* BacanTVApp.swift */,
				10C75C49A04F868236585DC6 /* CommandCenterView.swift */,
				D8082FA48B10881E53F1A32C /* GoogleService-Info.plist */,
				AE647A48F30BEEF1FDD3BE02 /* Info.plist */,
				2EF2CFACD02341431996F7D2 /* PairingModel.swift */,
				41055B2C0C280352A5BA0E26 /* RootView.swift */,
				CE603AB6159CFD1A772999AF /* ScrapbookModel.swift */,
				1C48D4656BE53CF3C6515603 /* SlideshowView.swift */,
			);
			path = AppTV;
			sourceTree = "<group>";
		};
		6637136731A111C3A471A682 /* FamilyDomain */ = {
			isa = PBXGroup;
			children = (
				6F5697E62607583A613F5851 /* ActivityItem.swift */,
				94DA664EF76EEF7AF26DDAFB /* BudgetAlert.swift */,
				28C45C435BA3CED43344CDCF /* CalendarSyncPrefs.swift */,
				451D12A073A1025B027A012A /* CareCompletion.swift */,
				8ADC640F89A0B5EBE6FF1853 /* CareItem.swift */,
				CCD8B40524BF4D7A71F554B4 /* ChildCareKB.swift */,
				8537DCF36010AB795AC5FE3E /* ChoreCompletion.swift */,
				10637CAB4F7D384F2C095E15 /* Document.swift */,
				C6EB724149E8DBBEAA83CA5C /* EntityGraph.swift */,
				C558772F68276B6C1023D04D /* Expense.swift */,
				C8DC446C29A064C8D1FA088E /* FamilyChore.swift */,
				D859BE5EA36D530E44BF0553 /* FamilyEvent.swift */,
				5020C88778BC0E0532035851 /* FamilyList.swift */,
				B756050AEC9BD011CFF8E023 /* FamilyRadar.swift */,
				9C3E3163C87BFFE858D25462 /* GroceryCategory.swift */,
				A86F6C5A08C8B2EFB09E51CE /* GroceryCostEstimator.swift */,
				CD4DDDEEABEB97183E417753 /* GroceryItemDB.swift */,
				021B13671F3612A8DDCC1CB0 /* HomeHealthCalculator.swift */,
				71342489DC1663D2E7536E4C /* HomeKitConfig.swift */,
				75206F9032AA7696B7C520C5 /* HomeProfile.swift */,
				4FF2D02E07BEC169ECCAC059 /* HouseholdMember.swift */,
				96A60A2186B6011EABC417C3 /* HubspaceConfig.swift */,
				9A62F87CC80BC2F1C200E844 /* HueConfig.swift */,
				82D8FFB008FE83152CB4FCD1 /* LutronConfig.swift */,
				437B8BDC48401261A9D61B3D /* MaintenanceKnowledgeBase.swift */,
				DBE17F5D73845A434A0C052E /* MaintenanceTemplate.swift */,
				6A41C4500EEED76CCCB94F31 /* Memory.swift */,
				7D0FE8EAC1894C0988AA3EB6 /* MerossConfig.swift */,
				A258E8EED101D5C5DC9213C4 /* MoneyRollup.swift */,
				D088E8D29C70A2AE7708A589 /* NestConfig.swift */,
				EB623C56CB5FE288C452027A /* NotificationPrefs.swift */,
				C4E649F0A8E24B7C799A68C5 /* PackingCategory.swift */,
				FB220CDC37FA24455C19B864 /* PackingTemplate.swift */,
				57916759B4EA1587C7404406 /* PetCareKB.swift */,
				08F285A502E1A20235564141 /* PlantCareKB.swift */,
				6DE766E6C2FDC7DA1174037C /* ProjectStatus.swift */,
				1D9312CCDBB55C7CC370B379 /* Recipe.swift */,
				9EB043CC3187116569905E74 /* SavingsGoal.swift */,
				E714E577085262D09AC5902B /* SonosConfig.swift */,
				DCC59018088FD16C744DEF48 /* SpendingInsights.swift */,
				C43C2065489A7E12F0415208 /* WishlistIdea.swift */,
				D48BCE09A1E02940BDAC566C /* WishlistPriority.swift */,
			);
			name = FamilyDomain;
			path = MenerePackage/Sources/FamilyDomain;
			sourceTree = "<group>";
		};
		895681AB60E463DC00CFB817 /* App */ = {
			isa = PBXGroup;
			children = (
				F1F82D1E332018877AB38374 /* Assets.xcassets */,
				F1455CD003CD8F86A3F1F262 /* GoogleService-Info.plist */,
				1214F0961F23D14C880CE37E /* Info.plist */,
				FD7FC8E64B883A3E3CE3654C /* Menere.entitlements */,
				77D20140378BCD548822314C /* MenereApp.swift */,
			);
			path = App;
			sourceTree = "<group>";
		};
		9B7358DEAB92487D4700132F /* ShareExtension */ = {
			isa = PBXGroup;
			children = (
				E4EAEEF3802AFF764408627E /* Info.plist */,
				47DC4CCC2B381D8114CAA987 /* ShareExtension.entitlements */,
				C38B98F2CC94E1718657C71A /* ShareViewController.swift */,
			);
			path = ShareExtension;
			sourceTree = "<group>";
		};
		DA5411190BF2750293984BE8 /* Products */ = {
			isa = PBXGroup;
			children = (
				D50642C7F53641938E8AB627 /* BacanShareExtension.appex */,
				42607674240C3E636E3ED575 /* BacanTV.app */,
				1C2F6A8682CB53C5580F79D7 /* Menere.app */,
			);
			name = Products;
			sourceTree = "<group>";
		};
		F31556813E8EAA5131B0E49B /* Packages */ = {
			isa = PBXGroup;
			children = (
				37BB5430C9A38D4A8E9644A6 /* MenerePackage */,
			);
			name = Packages;
			sourceTree = "<group>";
		};
/* End PBXGroup section */

/* Begin PBXNativeTarget section */
		31799D7D27EFA99CFB0CBDF6 /* BacanShareExtension */ = {
			isa = PBXNativeTarget;
			buildConfigurationList = 52043DB4BC6DF8A3EE93ECAC /* Build configuration list for PBXNativeTarget "BacanShareExtension" */;
			buildPhases = (
				5823B08CB33A95ADB0E07118 /* Sources */,
				24C94F39CC126F5EE711E361 /* Frameworks */,
				7C86D2CCFBAD686CE4626EAF /* Copy GoogleService-Info.plist */,
			);
			buildRules = (
			);
			dependencies = (
			);
			name = BacanShareExtension;
			packageProductDependencies = (
				95452BC972E2CE4C2EE3AD6B /* SharedCapture */,
				E00A7F55C77E54F7C966E111 /* FirebaseCore */,
				63AD22BB833D6855935C40E4 /* FirebaseAuth */,
				6DF43BB8D0816ED0184973E9 /* FirebaseFirestore */,
				3C66ABBE7D2EDE7AD538ACF8 /* FirebaseStorage */,
			);
			productName = BacanShareExtension;
			productReference = D50642C7F53641938E8AB627 /* BacanShareExtension.appex */;
			productType = "com.apple.product-type.app-extension";
		};
		4596A44AF2BE1BFECD555F11 /* Menere */ = {
			isa = PBXNativeTarget;
			buildConfigurationList = 647C3441C976B9DDABE7731F /* Build configuration list for PBXNativeTarget "Menere" */;
			buildPhases = (
				A6F0218A6BB9BE0EAECD83EB /* Sources */,
				ADFEE21CEF4F20D2BED80B9E /* Resources */,
				BD21A8F7F82D0F96B6F60B5B /* Frameworks */,
				0A9091F08756AD7CB496C67E /* Embed Foundation Extensions */,
				08E1039BB54F4B7ED38B83D1 /* Copy GoogleService-Info.plist */,
			);
			buildRules = (
			);
			dependencies = (
				0DCA71548705F214EC252FDF /* PBXTargetDependency */,
			);
			name = Menere;
			packageProductDependencies = (
				49A38D276C70CB617ECD07C5 /* AppCore */,
				184E235FFA9B598B12C27AEE /* UserDomain */,
				813A2C97EC3F910E3722B866 /* AuthenticationDomain */,
				531FAB6065D639546B0EAF29 /* PushClient */,
				4DE11F7984D82B8C559DA374 /* SharedCapture */,
			);
			productName = Menere;
			productReference = 1C2F6A8682CB53C5580F79D7 /* Menere.app */;
			productType = "com.apple.product-type.application";
		};
		BC4D992661C0568F5EBE8A7D /* BacanTV */ = {
			isa = PBXNativeTarget;
			buildConfigurationList = D62F5BA710C4A95F03879DE5 /* Build configuration list for PBXNativeTarget "BacanTV" */;
			buildPhases = (
				44CDDAAA124FDAE773894F4E /* Sources */,
				FDE68DE2A6664EC2117E0FE7 /* Resources */,
				081D96D17BA97EFBCDE33564 /* Frameworks */,
				B0CD07472D78B4E2EF0D9D20 /* Copy GoogleService-Info.plist */,
			);
			buildRules = (
			);
			dependencies = (
			);
			name = BacanTV;
			packageProductDependencies = (
				D461E863DC40D0B3F29AF895 /* FirebaseAuth */,
				2EC83C04476003B3D236444F /* FirebaseFirestore */,
			);
			productName = BacanTV;
			productReference = 42607674240C3E636E3ED575 /* BacanTV.app */;
			productType = "com.apple.product-type.application";
		};
/* End PBXNativeTarget section */

/* Begin PBXProject section */
		5A5BF4AA6D0FFB2C7299350A /* Project object */ = {
			isa = PBXProject;
			attributes = {
				BuildIndependentTargetsInParallel = YES;
				LastUpgradeCheck = 1600;
				TargetAttributes = {
					31799D7D27EFA99CFB0CBDF6 = {
						DevelopmentTeam = Z2FNFL3X73;
					};
					4596A44AF2BE1BFECD555F11 = {
						DevelopmentTeam = Z2FNFL3X73;
					};
					BC4D992661C0568F5EBE8A7D = {
						DevelopmentTeam = Z2FNFL3X73;
					};
				};
			};
			buildConfigurationList = EFC057BF3795E01BB33EDF88 /* Build configuration list for PBXProject "Menere" */;
			developmentRegion = en;
			hasScannedForEncodings = 0;
			knownRegions = (
				Base,
				en,
			);
			mainGroup = 377224900771935C1E5BE357;
			minimizedProjectReferenceProxies = 1;
			packageReferences = (
				34B3727FBAC3E79A7C83E86C /* XCRemoteSwiftPackageReference "firebase-ios-sdk" */,
				552208E4C6B8C3AE19E90D74 /* XCLocalSwiftPackageReference "MenerePackage" */,
			);
			preferredProjectObjectVersion = 77;
			productRefGroup = DA5411190BF2750293984BE8 /* Products */;
			projectDirPath = "";
			projectRoot = "";
			targets = (
				31799D7D27EFA99CFB0CBDF6 /* BacanShareExtension */,
				BC4D992661C0568F5EBE8A7D /* BacanTV */,
				4596A44AF2BE1BFECD555F11 /* Menere */,
			);
		};
/* End PBXProject section */

/* Begin PBXResourcesBuildPhase section */
		ADFEE21CEF4F20D2BED80B9E /* Resources */ = {
			isa = PBXResourcesBuildPhase;
			buildActionMask = 2147483647;
			files = (
				E896483BAB372C92AEF8B271 /* Assets.xcassets in Resources */,
				CE34E1FC087172DAB3ED779E /* GoogleService-Info.plist in Resources */,
			);
			runOnlyForDeploymentPostprocessing = 0;
		};
		FDE68DE2A6664EC2117E0FE7 /* Resources */ = {
			isa = PBXResourcesBuildPhase;
			buildActionMask = 2147483647;
			files = (
				04509125F3E415BB649C00DB /* GoogleService-Info.plist in Resources */,
			);
			runOnlyForDeploymentPostprocessing = 0;
		};
/* End PBXResourcesBuildPhase section */

/* Begin PBXShellScriptBuildPhase section */
		08E1039BB54F4B7ED38B83D1 /* Copy GoogleService-Info.plist */ = {
			isa = PBXShellScriptBuildPhase;
			alwaysOutOfDate = 1;
			buildActionMask = 2147483647;
			files = (
			);
			inputFileListPaths = (
			);
			inputPaths = (
			);
			name = "Copy GoogleService-Info.plist";
			outputFileListPaths = (
			);
			outputPaths = (
			);
			runOnlyForDeploymentPostprocessing = 0;
			shellPath = /bin/sh;
			shellScript = "if [ -f \"${PROJECT_DIR}/App/GoogleService-Info.plist\" ]; then\n  cp \"${PROJECT_DIR}/App/GoogleService-Info.plist\" \"${BUILT_PRODUCTS_DIR}/${PRODUCT_NAME}.app/GoogleService-Info.plist\"\nfi\n";
		};
		7C86D2CCFBAD686CE4626EAF /* Copy GoogleService-Info.plist */ = {
			isa = PBXShellScriptBuildPhase;
			alwaysOutOfDate = 1;
			buildActionMask = 2147483647;
			files = (
			);
			inputFileListPaths = (
			);
			inputPaths = (
			);
			name = "Copy GoogleService-Info.plist";
			outputFileListPaths = (
			);
			outputPaths = (
			);
			runOnlyForDeploymentPostprocessing = 0;
			shellPath = /bin/sh;
			shellScript = "if [ -f \"${PROJECT_DIR}/App/GoogleService-Info.plist\" ]; then\n  cp \"${PROJECT_DIR}/App/GoogleService-Info.plist\" \"${BUILT_PRODUCTS_DIR}/${CONTENTS_FOLDER_PATH}/GoogleService-Info.plist\"\nfi\n";
		};
		B0CD07472D78B4E2EF0D9D20 /* Copy GoogleService-Info.plist */ = {
			isa = PBXShellScriptBuildPhase;
			alwaysOutOfDate = 1;
			buildActionMask = 2147483647;
			files = (
			);
			inputFileListPaths = (
			);
			inputPaths = (
			);
			name = "Copy GoogleService-Info.plist";
			outputFileListPaths = (
			);
			outputPaths = (
			);
			runOnlyForDeploymentPostprocessing = 0;
			shellPath = /bin/sh;
			shellScript = "if [ -f \"${PROJECT_DIR}/AppTV/GoogleService-Info.plist\" ]; then\n  cp \"${PROJECT_DIR}/AppTV/GoogleService-Info.plist\" \"${BUILT_PRODUCTS_DIR}/${PRODUCT_NAME}.app/GoogleService-Info.plist\"\nfi\n";
		};
/* End PBXShellScriptBuildPhase section */

/* Begin PBXSourcesBuildPhase section */
		44CDDAAA124FDAE773894F4E /* Sources */ = {
			isa = PBXSourcesBuildPhase;
			buildActionMask = 2147483647;
			files = (
				E62B93DB7041355BD0FDAAD9 /* ActivityItem.swift in Sources */,
				77541D4DE642D04BF7C8CFC4 /* BacanTVApp.swift in Sources */,
				793C0D4CD2C8D59B3AF2D694 /* BudgetAlert.swift in Sources */,
				69243244A1DB2E75D387C563 /* CalendarSyncPrefs.swift in Sources */,
				7FEF216453F37B2B6733BD35 /* CareCompletion.swift in Sources */,
				B58EB23EE800218F2B85EAC0 /* CareItem.swift in Sources */,
				E97A93784C11195AE13AF33E /* ChildCareKB.swift in Sources */,
				E3099CA9B1854EF675E2B75D /* ChoreCompletion.swift in Sources */,
				850949D7257324BE8AC1F868 /* CommandCenterView.swift in Sources */,
				59A989753E33298A5CCAF988 /* Document.swift in Sources */,
				3190C27AEFA82D6C5D888A69 /* EntityGraph.swift in Sources */,
				8B5983A7C53688C8142D4B90 /* Expense.swift in Sources */,
				741317E5025655B7BAC7C704 /* FamilyChore.swift in Sources */,
				D1715E2607AEE92B8AD6A7B0 /* FamilyEvent.swift in Sources */,
				60A2F888F0B3D7681710F26C /* FamilyList.swift in Sources */,
				1E5D6BB849848A59978B4173 /* FamilyRadar.swift in Sources */,
				F69538E28A47197EC956E4D2 /* GroceryCategory.swift in Sources */,
				BC99A36FC11ACFA3A8B177E5 /* GroceryCostEstimator.swift in Sources */,
				D873F53591BAAA5A1FED7190 /* GroceryItemDB.swift in Sources */,
				548702A4AE23FB8E40CD4807 /* HomeHealthCalculator.swift in Sources */,
				4DFCD75384C1965A78A211F8 /* HomeKitConfig.swift in Sources */,
				F15A56BF20FCC1F7474AFECF /* HomeProfile.swift in Sources */,
				63FA397AA0AC35766AD48E98 /* HouseholdMember.swift in Sources */,
				6FC957586F0C336EF46D170D /* HubspaceConfig.swift in Sources */,
				D6D6DD5375B8F4FDACD72A4B /* HueConfig.swift in Sources */,
				0A7EB476A4C27377EA6C176D /* LutronConfig.swift in Sources */,
				CA8A07DBF98E4F679CB92FAB /* MaintenanceKnowledgeBase.swift in Sources */,
				FD89FCD802AC010C28418F7C /* MaintenanceTemplate.swift in Sources */,
				2C005B58CEC0745584034C16 /* Memory.swift in Sources */,
				F260CD8984921B13CA46FD89 /* MerossConfig.swift in Sources */,
				1292A3324FAD670B7D1A87C5 /* MoneyRollup.swift in Sources */,
				6C47A7489524BFCE856D2016 /* NestConfig.swift in Sources */,
				28859264F47C1B35ACE31F5B /* NotificationPrefs.swift in Sources */,
				D67202FB4F17D7E20DB4C1D1 /* PackingCategory.swift in Sources */,
				B183246534F3FEC58B573B07 /* PackingTemplate.swift in Sources */,
				A5AD6D47683CD03037F4F5F1 /* PairingModel.swift in Sources */,
				A2F561060373BD62A5286909 /* PetCareKB.swift in Sources */,
				E8A4B02A1B6298CF4C31217D /* PlantCareKB.swift in Sources */,
				AAFC2791683ED6C9039999A7 /* ProjectStatus.swift in Sources */,
				73A60D73A8F48B3ED3E6367A /* Recipe.swift in Sources */,
				C865BDC48CE60ED95C1F1C5F /* RootView.swift in Sources */,
				F74128CD918B55839FF30C50 /* SavingsGoal.swift in Sources */,
				948A18AFB934C7562390CE62 /* ScrapbookModel.swift in Sources */,
				B8C06A33F89C25D303527248 /* SlideshowView.swift in Sources */,
				8EBA5033EF9B3BC1F2AE952C /* SonosConfig.swift in Sources */,
				50A325F691AF4CCAF39F05F8 /* SpendingInsights.swift in Sources */,
				CA9C8AE4E3E9C87EF9860EFD /* WishlistIdea.swift in Sources */,
				3270FBAD4B1F1CB9E55608AA /* WishlistPriority.swift in Sources */,
			);
			runOnlyForDeploymentPostprocessing = 0;
		};
		5823B08CB33A95ADB0E07118 /* Sources */ = {
			isa = PBXSourcesBuildPhase;
			buildActionMask = 2147483647;
			files = (
				45C8DC48CB9863A7840046FD /* ShareViewController.swift in Sources */,
			);
			runOnlyForDeploymentPostprocessing = 0;
		};
		A6F0218A6BB9BE0EAECD83EB /* Sources */ = {
			isa = PBXSourcesBuildPhase;
			buildActionMask = 2147483647;
			files = (
				F108F2B5785E59930CA0865B /* MenereApp.swift in Sources */,
			);
			runOnlyForDeploymentPostprocessing = 0;
		};
/* End PBXSourcesBuildPhase section */

/* Begin PBXTargetDependency section */
		0DCA71548705F214EC252FDF /* PBXTargetDependency */ = {
			isa = PBXTargetDependency;
			target = 31799D7D27EFA99CFB0CBDF6 /* BacanShareExtension */;
			targetProxy = 44E73A24A7E2EC35D6648FEE /* PBXContainerItemProxy */;
		};
/* End PBXTargetDependency section */

/* Begin XCBuildConfiguration section */
		02D690BFF59A4C23CF12F2C2 /* Debug */ = {
			isa = XCBuildConfiguration;
			buildSettings = {
				ASSETCATALOG_COMPILER_APPICON_NAME = "App Icon & Top Shelf Image";
				ASSETCATALOG_COMPILER_LAUNCHIMAGE_NAME = LaunchImage;
				CURRENT_PROJECT_VERSION = 1;
				DEVELOPMENT_TEAM = Z2FNFL3X73;
				INFOPLIST_FILE = AppTV/Info.plist;
				LD_RUNPATH_SEARCH_PATHS = (
					"$(inherited)",
					"@executable_path/Frameworks",
				);
				MARKETING_VERSION = 1.0.0;
				PRODUCT_BUNDLE_IDENTIFIER = com.copoche.menere.tv;
				SDKROOT = appletvos;
				SWIFT_VERSION = 5.0;
				TARGETED_DEVICE_FAMILY = 3;
			};
			name = Debug;
		};
		3C58C2E799693ED8745724C3 /* Release */ = {
			isa = XCBuildConfiguration;
			buildSettings = {
				ALWAYS_SEARCH_USER_PATHS = NO;
				CLANG_ANALYZER_NONNULL = YES;
				CLANG_ANALYZER_NUMBER_OBJECT_CONVERSION = YES_AGGRESSIVE;
				CLANG_CXX_LANGUAGE_STANDARD = "gnu++14";
				CLANG_CXX_LIBRARY = "libc++";
				CLANG_ENABLE_MODULES = YES;
				CLANG_ENABLE_OBJC_ARC = YES;
				CLANG_ENABLE_OBJC_WEAK = YES;
				CLANG_WARN_BLOCK_CAPTURE_AUTORELEASING = YES;
				CLANG_WARN_BOOL_CONVERSION = YES;
				CLANG_WARN_COMMA = YES;
				CLANG_WARN_CONSTANT_CONVERSION = YES;
				CLANG_WARN_DEPRECATED_OBJC_IMPLEMENTATIONS = YES;
				CLANG_WARN_DIRECT_OBJC_ISA_USAGE = YES_ERROR;
				CLANG_WARN_DOCUMENTATION_COMMENTS = YES;
				CLANG_WARN_EMPTY_BODY = YES;
				CLANG_WARN_ENUM_CONVERSION = YES;
				CLANG_WARN_INFINITE_RECURSION = YES;
				CLANG_WARN_INT_CONVERSION = YES;
				CLANG_WARN_NON_LITERAL_NULL_CONVERSION = YES;
				CLANG_WARN_OBJC_IMPLICIT_RETAIN_SELF = YES;
				CLANG_WARN_OBJC_LITERAL_CONVERSION = YES;
				CLANG_WARN_OBJC_ROOT_CLASS = YES_ERROR;
				CLANG_WARN_QUOTED_INCLUDE_IN_FRAMEWORK_HEADER = YES;
				CLANG_WARN_RANGE_LOOP_ANALYSIS = YES;
				CLANG_WARN_STRICT_PROTOTYPES = YES;
				CLANG_WARN_SUSPICIOUS_MOVE = YES;
				CLANG_WARN_UNGUARDED_AVAILABILITY = YES_AGGRESSIVE;
				CLANG_WARN_UNREACHABLE_CODE = YES;
				CLANG_WARN__DUPLICATE_METHOD_MATCH = YES;
				COPY_PHASE_STRIP = NO;
				DEBUG_INFORMATION_FORMAT = "dwarf-with-dsym";
				ENABLE_NS_ASSERTIONS = NO;
				ENABLE_STRICT_OBJC_MSGSEND = YES;
				GCC_C_LANGUAGE_STANDARD = gnu11;
				GCC_NO_COMMON_BLOCKS = YES;
				GCC_WARN_64_TO_32_BIT_CONVERSION = YES;
				GCC_WARN_ABOUT_RETURN_TYPE = YES_ERROR;
				GCC_WARN_UNDECLARED_SELECTOR = YES;
				GCC_WARN_UNINITIALIZED_AUTOS = YES_AGGRESSIVE;
				GCC_WARN_UNUSED_FUNCTION = YES;
				GCC_WARN_UNUSED_VARIABLE = YES;
				IPHONEOS_DEPLOYMENT_TARGET = 26.0;
				MTL_ENABLE_DEBUG_INFO = NO;
				MTL_FAST_MATH = YES;
				PRODUCT_NAME = "$(TARGET_NAME)";
				SWIFT_COMPILATION_MODE = wholemodule;
				SWIFT_OPTIMIZATION_LEVEL = "-O";
				SWIFT_VERSION = 5.0;
				TVOS_DEPLOYMENT_TARGET = 18.0;
			};
			name = Release;
		};
		5AEC1696007E39B5003FF201 /* Release */ = {
			isa = XCBuildConfiguration;
			buildSettings = {
				ASSETCATALOG_COMPILER_APPICON_NAME = "App Icon & Top Shelf Image";
				ASSETCATALOG_COMPILER_LAUNCHIMAGE_NAME = LaunchImage;
				CURRENT_PROJECT_VERSION = 1;
				DEVELOPMENT_TEAM = Z2FNFL3X73;
				INFOPLIST_FILE = AppTV/Info.plist;
				LD_RUNPATH_SEARCH_PATHS = (
					"$(inherited)",
					"@executable_path/Frameworks",
				);
				MARKETING_VERSION = 1.0.0;
				PRODUCT_BUNDLE_IDENTIFIER = com.copoche.menere.tv;
				SDKROOT = appletvos;
				SWIFT_VERSION = 5.0;
				TARGETED_DEVICE_FAMILY = 3;
			};
			name = Release;
		};
		7C886B6D637207E5F189D604 /* Release */ = {
			isa = XCBuildConfiguration;
			buildSettings = {
				CODE_SIGN_ENTITLEMENTS = ShareExtension/ShareExtension.entitlements;
				CURRENT_PROJECT_VERSION = 52;
				DEVELOPMENT_TEAM = Z2FNFL3X73;
				INFOPLIST_FILE = ShareExtension/Info.plist;
				LD_RUNPATH_SEARCH_PATHS = (
					"$(inherited)",
					"@executable_path/Frameworks",
					"@executable_path/../../Frameworks",
				);
				MARKETING_VERSION = 1.44.0;
				PRODUCT_BUNDLE_IDENTIFIER = com.copoche.menere.share;
				PRODUCT_MODULE_NAME = BacanShareExtension;
				PRODUCT_NAME = BacanShareExtension;
				SDKROOT = iphoneos;
				SWIFT_VERSION = 5.0;
				TARGETED_DEVICE_FAMILY = "1,2";
			};
			name = Release;
		};
		7D1EE9A62C63FF80DFD36C51 /* Debug */ = {
			isa = XCBuildConfiguration;
			buildSettings = {
				CODE_SIGN_ENTITLEMENTS = ShareExtension/ShareExtension.entitlements;
				CURRENT_PROJECT_VERSION = 52;
				DEVELOPMENT_TEAM = Z2FNFL3X73;
				INFOPLIST_FILE = ShareExtension/Info.plist;
				LD_RUNPATH_SEARCH_PATHS = (
					"$(inherited)",
					"@executable_path/Frameworks",
					"@executable_path/../../Frameworks",
				);
				MARKETING_VERSION = 1.44.0;
				PRODUCT_BUNDLE_IDENTIFIER = com.copoche.menere.share;
				PRODUCT_MODULE_NAME = BacanShareExtension;
				PRODUCT_NAME = BacanShareExtension;
				SDKROOT = iphoneos;
				SWIFT_VERSION = 5.0;
				TARGETED_DEVICE_FAMILY = "1,2";
			};
			name = Debug;
		};
		8723A516B62664D86FF5C74C /* Debug */ = {
			isa = XCBuildConfiguration;
			buildSettings = {
				ALWAYS_SEARCH_USER_PATHS = NO;
				CLANG_ANALYZER_NONNULL = YES;
				CLANG_ANALYZER_NUMBER_OBJECT_CONVERSION = YES_AGGRESSIVE;
				CLANG_CXX_LANGUAGE_STANDARD = "gnu++14";
				CLANG_CXX_LIBRARY = "libc++";
				CLANG_ENABLE_MODULES = YES;
				CLANG_ENABLE_OBJC_ARC = YES;
				CLANG_ENABLE_OBJC_WEAK = YES;
				CLANG_WARN_BLOCK_CAPTURE_AUTORELEASING = YES;
				CLANG_WARN_BOOL_CONVERSION = YES;
				CLANG_WARN_COMMA = YES;
				CLANG_WARN_CONSTANT_CONVERSION = YES;
				CLANG_WARN_DEPRECATED_OBJC_IMPLEMENTATIONS = YES;
				CLANG_WARN_DIRECT_OBJC_ISA_USAGE = YES_ERROR;
				CLANG_WARN_DOCUMENTATION_COMMENTS = YES;
				CLANG_WARN_EMPTY_BODY = YES;
				CLANG_WARN_ENUM_CONVERSION = YES;
				CLANG_WARN_INFINITE_RECURSION = YES;
				CLANG_WARN_INT_CONVERSION = YES;
				CLANG_WARN_NON_LITERAL_NULL_CONVERSION = YES;
				CLANG_WARN_OBJC_IMPLICIT_RETAIN_SELF = YES;
				CLANG_WARN_OBJC_LITERAL_CONVERSION = YES;
				CLANG_WARN_OBJC_ROOT_CLASS = YES_ERROR;
				CLANG_WARN_QUOTED_INCLUDE_IN_FRAMEWORK_HEADER = YES;
				CLANG_WARN_RANGE_LOOP_ANALYSIS = YES;
				CLANG_WARN_STRICT_PROTOTYPES = YES;
				CLANG_WARN_SUSPICIOUS_MOVE = YES;
				CLANG_WARN_UNGUARDED_AVAILABILITY = YES_AGGRESSIVE;
				CLANG_WARN_UNREACHABLE_CODE = YES;
				CLANG_WARN__DUPLICATE_METHOD_MATCH = YES;
				COPY_PHASE_STRIP = NO;
				DEBUG_INFORMATION_FORMAT = dwarf;
				ENABLE_STRICT_OBJC_MSGSEND = YES;
				ENABLE_TESTABILITY = YES;
				GCC_C_LANGUAGE_STANDARD = gnu11;
				GCC_DYNAMIC_NO_PIC = NO;
				GCC_NO_COMMON_BLOCKS = YES;
				GCC_OPTIMIZATION_LEVEL = 0;
				GCC_PREPROCESSOR_DEFINITIONS = (
					"$(inherited)",
					"DEBUG=1",
				);
				GCC_WARN_64_TO_32_BIT_CONVERSION = YES;
				GCC_WARN_ABOUT_RETURN_TYPE = YES_ERROR;
				GCC_WARN_UNDECLARED_SELECTOR = YES;
				GCC_WARN_UNINITIALIZED_AUTOS = YES_AGGRESSIVE;
				GCC_WARN_UNUSED_FUNCTION = YES;
				GCC_WARN_UNUSED_VARIABLE = YES;
				IPHONEOS_DEPLOYMENT_TARGET = 26.0;
				MTL_ENABLE_DEBUG_INFO = INCLUDE_SOURCE;
				MTL_FAST_MATH = YES;
				ONLY_ACTIVE_ARCH = YES;
				PRODUCT_NAME = "$(TARGET_NAME)";
				SWIFT_ACTIVE_COMPILATION_CONDITIONS = DEBUG;
				SWIFT_OPTIMIZATION_LEVEL = "-Onone";
				SWIFT_VERSION = 5.0;
				TVOS_DEPLOYMENT_TARGET = 18.0;
			};
			name = Debug;
		};
		C45ECAEF21832722BC66D0A3 /* Debug */ = {
			isa = XCBuildConfiguration;
			buildSettings = {
				ASSETCATALOG_COMPILER_APPICON_NAME = AppIcon;
				CODE_SIGN_ENTITLEMENTS = App/Menere.entitlements;
				CODE_SIGN_IDENTITY = "iPhone Developer";
				CURRENT_PROJECT_VERSION = 52;
				DEVELOPMENT_TEAM = Z2FNFL3X73;
				INFOPLIST_FILE = App/Info.plist;
				LD_RUNPATH_SEARCH_PATHS = (
					"$(inherited)",
					"@executable_path/Frameworks",
				);
				MARKETING_VERSION = 1.44.0;
				PRODUCT_BUNDLE_IDENTIFIER = com.copoche.menere;
				SDKROOT = iphoneos;
				SWIFT_VERSION = 5.0;
				TARGETED_DEVICE_FAMILY = "1,2";
			};
			name = Debug;
		};
		EB53B3FC816E605876049F8C /* Release */ = {
			isa = XCBuildConfiguration;
			buildSettings = {
				ASSETCATALOG_COMPILER_APPICON_NAME = AppIcon;
				CODE_SIGN_ENTITLEMENTS = App/Menere.entitlements;
				CODE_SIGN_IDENTITY = "iPhone Developer";
				CURRENT_PROJECT_VERSION = 52;
				DEVELOPMENT_TEAM = Z2FNFL3X73;
				INFOPLIST_FILE = App/Info.plist;
				LD_RUNPATH_SEARCH_PATHS = (
					"$(inherited)",
					"@executable_path/Frameworks",
				);
				MARKETING_VERSION = 1.44.0;
				PRODUCT_BUNDLE_IDENTIFIER = com.copoche.menere;
				SDKROOT = iphoneos;
				SWIFT_VERSION = 5.0;
				TARGETED_DEVICE_FAMILY = "1,2";
			};
			name = Release;
		};
/* End XCBuildConfiguration section */

/* Begin XCConfigurationList section */
		52043DB4BC6DF8A3EE93ECAC /* Build configuration list for PBXNativeTarget "BacanShareExtension" */ = {
			isa = XCConfigurationList;
			buildConfigurations = (
				7D1EE9A62C63FF80DFD36C51 /* Debug */,
				7C886B6D637207E5F189D604 /* Release */,
			);
			defaultConfigurationIsVisible = 0;
			defaultConfigurationName = Debug;
		};
		647C3441C976B9DDABE7731F /* Build configuration list for PBXNativeTarget "Menere" */ = {
			isa = XCConfigurationList;
			buildConfigurations = (
				C45ECAEF21832722BC66D0A3 /* Debug */,
				EB53B3FC816E605876049F8C /* Release */,
			);
			defaultConfigurationIsVisible = 0;
			defaultConfigurationName = Debug;
		};
		D62F5BA710C4A95F03879DE5 /* Build configuration list for PBXNativeTarget "BacanTV" */ = {
			isa = XCConfigurationList;
			buildConfigurations = (
				02D690BFF59A4C23CF12F2C2 /* Debug */,
				5AEC1696007E39B5003FF201 /* Release */,
			);
			defaultConfigurationIsVisible = 0;
			defaultConfigurationName = Debug;
		};
		EFC057BF3795E01BB33EDF88 /* Build configuration list for PBXProject "Menere" */ = {
			isa = XCConfigurationList;
			buildConfigurations = (
				8723A516B62664D86FF5C74C /* Debug */,
				3C58C2E799693ED8745724C3 /* Release */,
			);
			defaultConfigurationIsVisible = 0;
			defaultConfigurationName = Debug;
		};
/* End XCConfigurationList section */

/* Begin XCLocalSwiftPackageReference section */
		552208E4C6B8C3AE19E90D74 /* XCLocalSwiftPackageReference "MenerePackage" */ = {
			isa = XCLocalSwiftPackageReference;
			relativePath = MenerePackage;
		};
/* End XCLocalSwiftPackageReference section */

/* Begin XCRemoteSwiftPackageReference section */
		34B3727FBAC3E79A7C83E86C /* XCRemoteSwiftPackageReference "firebase-ios-sdk" */ = {
			isa = XCRemoteSwiftPackageReference;
			repositoryURL = "https://github.com/firebase/firebase-ios-sdk";
			requirement = {
				kind = upToNextMajorVersion;
				minimumVersion = 11.13.0;
			};
		};
/* End XCRemoteSwiftPackageReference section */

/* Begin XCSwiftPackageProductDependency section */
		184E235FFA9B598B12C27AEE /* UserDomain */ = {
			isa = XCSwiftPackageProductDependency;
			productName = UserDomain;
		};
		2EC83C04476003B3D236444F /* FirebaseFirestore */ = {
			isa = XCSwiftPackageProductDependency;
			package = 34B3727FBAC3E79A7C83E86C /* XCRemoteSwiftPackageReference "firebase-ios-sdk" */;
			productName = FirebaseFirestore;
		};
		3C66ABBE7D2EDE7AD538ACF8 /* FirebaseStorage */ = {
			isa = XCSwiftPackageProductDependency;
			package = 34B3727FBAC3E79A7C83E86C /* XCRemoteSwiftPackageReference "firebase-ios-sdk" */;
			productName = FirebaseStorage;
		};
		49A38D276C70CB617ECD07C5 /* AppCore */ = {
			isa = XCSwiftPackageProductDependency;
			productName = AppCore;
		};
		4DE11F7984D82B8C559DA374 /* SharedCapture */ = {
			isa = XCSwiftPackageProductDependency;
			productName = SharedCapture;
		};
		531FAB6065D639546B0EAF29 /* PushClient */ = {
			isa = XCSwiftPackageProductDependency;
			productName = PushClient;
		};
		63AD22BB833D6855935C40E4 /* FirebaseAuth */ = {
			isa = XCSwiftPackageProductDependency;
			package = 34B3727FBAC3E79A7C83E86C /* XCRemoteSwiftPackageReference "firebase-ios-sdk" */;
			productName = FirebaseAuth;
		};
		6DF43BB8D0816ED0184973E9 /* FirebaseFirestore */ = {
			isa = XCSwiftPackageProductDependency;
			package = 34B3727FBAC3E79A7C83E86C /* XCRemoteSwiftPackageReference "firebase-ios-sdk" */;
			productName = FirebaseFirestore;
		};
		813A2C97EC3F910E3722B866 /* AuthenticationDomain */ = {
			isa = XCSwiftPackageProductDependency;
			productName = AuthenticationDomain;
		};
		95452BC972E2CE4C2EE3AD6B /* SharedCapture */ = {
			isa = XCSwiftPackageProductDependency;
			productName = SharedCapture;
		};
		D461E863DC40D0B3F29AF895 /* FirebaseAuth */ = {
			isa = XCSwiftPackageProductDependency;
			package = 34B3727FBAC3E79A7C83E86C /* XCRemoteSwiftPackageReference "firebase-ios-sdk" */;
			productName = FirebaseAuth;
		};
		E00A7F55C77E54F7C966E111 /* FirebaseCore */ = {
			isa = XCSwiftPackageProductDependency;
			package = 34B3727FBAC3E79A7C83E86C /* XCRemoteSwiftPackageReference "firebase-ios-sdk" */;
			productName = FirebaseCore;
		};
/* End XCSwiftPackageProductDependency section */
	};
	rootObject = 5A5BF4AA6D0FFB2C7299350A /* Project object */;
}
